
Microsoft Visual Studio Solution File, Format Version 12.00
# Visual Studio Version 17
VisualStudioVersion = 17.0.31903.59
MinimumVisualStudioVersion = 10.0.40219.1
Project("{9A19103F-16F7-4668-BE54-9A1E7A4F7556}") = "SportsStore", "SportsStore\SportsStore.csproj", "{480D9ABF-1010-478C-B4DB-CBA84165F792}"
EndProject
Project("{9A19103F-16F7-4668-BE54-9A1E7A4F7556}") = "SportsStore.Tests", "SportsStore.Tests\SportsStore.Tests.csproj", "{A1C47A13-5E91-4F2C-8E2E-509188162107}"
EndProject
Global
	GlobalSection(SolutionConfigurationPlatforms) = preSolution
		Debug|Any CPU = Debug|Any CPU
		Release|Any CPU = Release|Any CPU
	EndGlobalSection
	GlobalSection(ProjectConfigurationPlatforms) = postSolution
		{480D9ABF-1010-478C-B4DB-CBA84165F792}.Debug|Any CPU.ActiveCfg = Debug|Any CPU
		{480D9ABF-1010-478C-B4DB-CBA84165F792}.Debug|Any CPU.Build.0 = Debug|Any CPU
		{480D9ABF-1010-478C-B4DB-CBA84165F792}.Release|Any CPU.ActiveCfg = Release|Any CPU
		{480D9ABF-1010-478C-B4DB-CBA84165F792}.Release|Any CPU.Build.0 = Release|Any CPU
		{A1C47A13-5E91-4F2C-8E2E-509188162107}.Debug|Any CPU.ActiveCfg = Debug|Any CPU
		{A1C47A13-5E91-4F2C-8E2E-509188162107}.Debug|Any CPU.Build.0 = Debug|Any CPU
		{A1C47A13-5E91-4F2C-8E2E-509188162107}.Release|Any CPU.ActiveCfg = Release|Any CPU
		{A1C47A13-5E91-4F2C-8E2E-509188162107}.Release|Any CPU.Build.0 = Release|Any CPU
	EndGlobalSection
	GlobalSection(SolutionProperties) = preSolution
		HideSolutionNode = FALSE
	EndGlobalSection
	GlobalSection(ExtensibilityGlobals) = postSolution
		SolutionGuid = {F9845832-2266-4BB4-9DA3-598E3404FFAC}
	EndGlobalSection
EndGlobal
